uuid: d48338b0-c833-4a58-a590-8b47bc8f3cea
langcode: en
status: true
dependencies:
  content:
    - 'block_content:search:21a0e011-9d20-4893-95a5-72c21087da8d'
  module:
    - block_content
  theme:
    - vote_gov
id: search.govsearchblock
theme: vote_gov
region: header
weight: -3
provider: null
plugin: 'block_content:21a0e011-9d20-4893-95a5-72c21087da8d'
settings:
  id: 'block_content:21a0e011-9d20-4893-95a5-72c21087da8d'
  label: 'Search.gov search block'
  label_display: '0'
  provider: block_content
  status: true
  info: ''
  view_mode: full
visibility: {  }
