uuid: 24b60841-5e64-4521-b57f-cc75513d609d
langcode: en
status: true
dependencies:
  content:
    - 'block_content:email_signup:28e87cc9-80c5-4a95-a29e-1a2a46a040b4'
  module:
    - block_content
  theme:
    - vote_gov
id: usa.govemailsignupblock
theme: vote_gov
region: footer
weight: -5
provider: null
plugin: 'block_content:28e87cc9-80c5-4a95-a29e-1a2a46a040b4'
settings:
  id: 'block_content:28e87cc9-80c5-4a95-a29e-1a2a46a040b4'
  label: 'USA.gov email signup block'
  label_display: '0'
  provider: block_content
  status: true
  info: ''
  view_mode: full
visibility: {  }
