uuid: 91602a97-6f40-4233-bf9c-8c92126e4646
langcode: en
status: true
dependencies:
  config:
    - field.storage.node.field_basics_block
    - node.type.voter_guide
    - paragraphs.paragraphs_type.basic
  module:
    - entity_reference_revisions
id: node.voter_guide.field_basics_block
field_name: field_basics_block
entity_type: node
bundle: voter_guide
label: 'Basics Block'
description: ''
required: false
translatable: true
default_value: {  }
default_value_callback: ''
settings:
  handler: 'default:paragraph'
  handler_settings:
    target_bundles:
      basic: basic
    negate: 0
    target_bundles_drag_drop:
      accordion_group:
        weight: 4
        enabled: false
      basic:
        weight: 5
        enabled: true
      registration_tool:
        weight: 6
        enabled: false
field_type: entity_reference_revisions
