uuid: 3f3a3808-e180-48b3-a695-54b57ce854e0
langcode: hmn
status: true
dependencies:
  config:
    - paragraphs.paragraphs_type.basics_block
  module:
    - content_translation
third_party_settings:
  content_translation:
    enabled: false
    bundle_settings:
      untranslatable_fields_hide: '0'
id: paragraph.basics_block
target_entity_type_id: paragraph
target_bundle: basics_block
default_langcode: site_default
language_alterable: false
