uuid: 6222bf60-b553-49ae-ad30-c09671a5f767
langcode: en
status: true
dependencies:
  config:
    - paragraphs.paragraphs_type.basics_block
  module:
    - content_translation
third_party_settings:
  content_translation:
    enabled: true
    bundle_settings:
      untranslatable_fields_hide: '1'
id: paragraph.basics_block
target_entity_type_id: paragraph
target_bundle: basics_block
default_langcode: site_default
language_alterable: false
